{
  "name": "flumedb",
  "version": "2.0.0",
  "lockfileVersion": 1,
  "requires": true,
  "dependencies": {
    "abstract-leveldown": {
      "version": "5.0.0",
      "resolved": "https://registry.npmjs.org/abstract-leveldown/-/abstract-leveldown-5.0.0.tgz",
      "integrity": "sha512-5mU5P1gXtsMIXg65/rsYGsi93+MlogXZ9FA8JnwKurHQg64bfXwGYVdVdijNTVNOlAsuIiOwHdvFFD5JqCJQ7A==",
      "dev": true,
      "requires": {
        "xtend": "~4.0.0"
      }
    },
    "aligned-block-file": {
      "version": "1.2.0",
      "resolved": "https://registry.npmjs.org/aligned-block-file/-/aligned-block-file-1.2.0.tgz",
      "integrity": "sha512-kBF1xv3mlGBuMxJ/5IrbQD43q7Pi3yyM5IedXxuTbbc6QV3vEnZK18fH9MadoA5LvIKkgCVWRPEMlHemfz5tMg==",
      "dev": true,
      "requires": {
        "hashlru": "^2.1.0",
        "int53": "^1.0.0",
        "mkdirp": "^0.5.1",
        "obv": "^0.0.1",
        "uint48be": "^2.0.1"
      },
      "dependencies": {
        "int53": {
          "version": "1.0.0",
          "resolved": "https://registry.npmjs.org/int53/-/int53-1.0.0.tgz",
          "integrity": "sha512-u8BMiMa05OPBgd32CKTead0CVTsFVgwFk23nNXo1teKPF6Sxcu0lXxEzP//zTcaKzXbGgPDXGmj/woyv+I4C5w==",
          "dev": true
        }
      }
    },
    "ansi-regex": {
      "version": "2.1.1",
      "resolved": "https://registry.npmjs.org/ansi-regex/-/ansi-regex-2.1.1.tgz",
      "integrity": "sha1-w7M6te42DYbg5ijwRorn7yfWVN8=",
      "dev": true
    },
    "append-batch": {
      "version": "0.0.2",
      "resolved": "https://registry.npmjs.org/append-batch/-/append-batch-0.0.2.tgz",
      "integrity": "sha1-1zm0UDiIJF1Hkz1HVisRSf+d+Lc=",
      "dev": true
    },
    "aproba": {
      "version": "1.2.0",
      "resolved": "https://registry.npmjs.org/aproba/-/aproba-1.2.0.tgz",
      "integrity": "sha512-Y9J6ZjXtoYh8RnXVCMOU/ttDmk1aBjunq9vO0ta5x85WDQiQfUF9sIPBITdbiiIVcBo03Hi3jMxigBtsddlXRw==",
      "dev": true
    },
    "are-we-there-yet": {
      "version": "1.1.5",
      "resolved": "https://registry.npmjs.org/are-we-there-yet/-/are-we-there-yet-1.1.5.tgz",
      "integrity": "sha512-5hYdAkZlcG8tOLujVDTgCT+uPX0VnpAH28gWsLfzpXYm7wP6mp5Q/gYyR7YQ0cKVJcXJnl3j2kpBan13PtQf6w==",
      "dev": true,
      "requires": {
        "delegates": "^1.0.0",
        "readable-stream": "^2.0.6"
      }
    },
    "async-single": {
      "version": "1.0.5",
      "resolved": "https://registry.npmjs.org/async-single/-/async-single-1.0.5.tgz",
      "integrity": "sha1-El3QneldPqMKN4rb7QIQkhebA8k=",
      "dev": true
    },
    "atomic-file": {
      "version": "1.1.5",
      "resolved": "https://registry.npmjs.org/atomic-file/-/atomic-file-1.1.5.tgz",
      "integrity": "sha512-TG+5YFiaKQ6CZiSQsosGMJ/IJzwMZ4V/rSdEXlD6+DwKyv8OyeUcprq34kp4yuS6bfQYXhxBC2Vm8PWo+iKBGQ==",
      "dev": true
    },
    "balanced-match": {
      "version": "1.0.0",
      "resolved": "https://registry.npmjs.org/balanced-match/-/balanced-match-1.0.0.tgz",
      "integrity": "sha1-ibTRmasr7kneFk6gK4nORi1xt2c=",
      "dev": true
    },
    "bindings": {
      "version": "1.3.1",
      "resolved": "https://registry.npmjs.org/bindings/-/bindings-1.3.1.tgz",
      "integrity": "sha512-i47mqjF9UbjxJhxGf+pZ6kSxrnI3wBLlnGI2ArWJ4r0VrvDS7ZYXkprq/pLaBWYq4GM0r4zdHY+NNRqEMU7uew==",
      "dev": true
    },
    "bl": {
      "version": "1.2.2",
      "resolved": "https://registry.npmjs.org/bl/-/bl-1.2.2.tgz",
      "integrity": "sha512-e8tQYnZodmebYDWGH7KMRvtzKXaJHx3BbilrgZCfvyLUYdKpK1t5PSPmpkny/SgiTSCnjfLW7v5rlONXVFkQEA==",
      "dev": true,
      "requires": {
        "readable-stream": "^2.3.5",
        "safe-buffer": "^5.1.1"
      }
    },
    "brace-expansion": {
      "version": "1.1.11",
      "resolved": "https://registry.npmjs.org/brace-expansion/-/brace-expansion-1.1.11.tgz",
      "integrity": "sha512-iCuPHDFgrHX7H2vEI/5xpz07zSHB00TpugqhmYtVmMO6518mCuRMoOYFldEBl0g187ufozdaHgWKcYFb61qGiA==",
      "dev": true,
      "requires": {
        "balanced-match": "^1.0.0",
        "concat-map": "0.0.1"
      }
    },
    "buffer-alloc": {
      "version": "1.2.0",
      "resolved": "https://registry.npmjs.org/buffer-alloc/-/buffer-alloc-1.2.0.tgz",
      "integrity": "sha512-CFsHQgjtW1UChdXgbyJGtnm+O/uLQeZdtbDo8mfUgYXCHSM1wgrVxXm6bSyrUuErEb+4sYVGCzASBRot7zyrow==",
      "dev": true,
      "requires": {
        "buffer-alloc-unsafe": "^1.1.0",
        "buffer-fill": "^1.0.0"
      }
    },
    "buffer-alloc-unsafe": {
      "version": "1.1.0",
      "resolved": "https://registry.npmjs.org/buffer-alloc-unsafe/-/buffer-alloc-unsafe-1.1.0.tgz",
      "integrity": "sha512-TEM2iMIEQdJ2yjPJoSIsldnleVaAk1oW3DBVUykyOLsEsFmEc9kn+SFFPz+gl54KQNxlDnAwCXosOS9Okx2xAg==",
      "dev": true
    },
    "buffer-fill": {
      "version": "1.0.0",
      "resolved": "https://registry.npmjs.org/buffer-fill/-/buffer-fill-1.0.0.tgz",
      "integrity": "sha1-+PeLdniYiO858gXNY39o5wISKyw=",
      "dev": true
    },
    "chownr": {
      "version": "1.1.1",
      "resolved": "https://registry.npmjs.org/chownr/-/chownr-1.1.1.tgz",
      "integrity": "sha512-j38EvO5+LHX84jlo6h4UzmOwi0UgW61WRyPtJz4qaadK5eY3BTS5TY/S1Stc3Uk2lIM6TPevAlULiEJwie860g==",
      "dev": true
    },
    "code-point-at": {
      "version": "1.1.0",
      "resolved": "https://registry.npmjs.org/code-point-at/-/code-point-at-1.1.0.tgz",
      "integrity": "sha1-DQcLTQQ6W+ozovGkDi7bPZpMz3c=",
      "dev": true
    },
    "concat-map": {
      "version": "0.0.1",
      "resolved": "https://registry.npmjs.org/concat-map/-/concat-map-0.0.1.tgz",
      "integrity": "sha1-2Klr13/Wjfd5OnMDajug1UBdR3s=",
      "dev": true
    },
    "console-control-strings": {
      "version": "1.1.0",
      "resolved": "https://registry.npmjs.org/console-control-strings/-/console-control-strings-1.1.0.tgz",
      "integrity": "sha1-PXz0Rk22RG6mRL9LOVB/mFEAjo4=",
      "dev": true
    },
    "cont": {
      "version": "1.0.3",
      "resolved": "https://registry.npmjs.org/cont/-/cont-1.0.3.tgz",
      "integrity": "sha1-aHTx6TX8qZ0EjK6qrZoK6wILzOA=",
      "requires": {
        "continuable": "~1.2.0",
        "continuable-para": "~1.2.0",
        "continuable-series": "~1.2.0"
      }
    },
    "continuable": {
      "version": "1.2.0",
      "resolved": "https://registry.npmjs.org/continuable/-/continuable-1.2.0.tgz",
      "integrity": "sha1-CCd0aNQRNiAAdMz4cpQwjRafJbY="
    },
    "continuable-hash": {
      "version": "0.1.4",
      "resolved": "https://registry.npmjs.org/continuable-hash/-/continuable-hash-0.1.4.tgz",
      "integrity": "sha1-gcdNQXcdjJJ4Ph4A5fEbNNbfx4w=",
      "requires": {
        "continuable": "~1.1.6"
      },
      "dependencies": {
        "continuable": {
          "version": "1.1.8",
          "resolved": "https://registry.npmjs.org/continuable/-/continuable-1.1.8.tgz",
          "integrity": "sha1-3Id7R0FghwrjvN6HM2Jo6+UFl9U="
        }
      }
    },
    "continuable-list": {
      "version": "0.1.6",
      "resolved": "https://registry.npmjs.org/continuable-list/-/continuable-list-0.1.6.tgz",
      "integrity": "sha1-h88G7FgHFuEN/5X7C4TF8OisrF8=",
      "requires": {
        "continuable": "~1.1.6"
      },
      "dependencies": {
        "continuable": {
          "version": "1.1.8",
          "resolved": "https://registry.npmjs.org/continuable/-/continuable-1.1.8.tgz",
          "integrity": "sha1-3Id7R0FghwrjvN6HM2Jo6+UFl9U="
        }
      }
    },
    "continuable-para": {
      "version": "1.2.0",
      "resolved": "https://registry.npmjs.org/continuable-para/-/continuable-para-1.2.0.tgz",
      "integrity": "sha1-RFUQ9klFndD8NchyAVFGEicxxYM=",
      "requires": {
        "continuable-hash": "~0.1.4",
        "continuable-list": "~0.1.5"
      }
    },
    "continuable-series": {
      "version": "1.2.0",
      "resolved": "https://registry.npmjs.org/continuable-series/-/continuable-series-1.2.0.tgz",
      "integrity": "sha1-MkM5euk6cdZVswJoNKUVkLlYueg="
    },
    "core-util-is": {
      "version": "1.0.2",
      "resolved": "https://registry.npmjs.org/core-util-is/-/core-util-is-1.0.2.tgz",
      "integrity": "sha1-tf1UIgqivFq1eqtxQMlAdUUDwac=",
      "dev": true
    },
    "decompress-response": {
      "version": "3.3.0",
      "resolved": "https://registry.npmjs.org/decompress-response/-/decompress-response-3.3.0.tgz",
      "integrity": "sha1-gKTdMjdIOEv6JICDYirt7Jgq3/M=",
      "dev": true,
      "requires": {
        "mimic-response": "^1.0.0"
      }
    },
    "deep-equal": {
      "version": "1.0.1",
      "resolved": "https://registry.npmjs.org/deep-equal/-/deep-equal-1.0.1.tgz",
      "integrity": "sha1-9dJgKStmDghO/0zbyfCK0yR0SLU=",
      "dev": true
    },
    "deep-extend": {
      "version": "0.6.0",
      "resolved": "https://registry.npmjs.org/deep-extend/-/deep-extend-0.6.0.tgz",
      "integrity": "sha512-LOHxIOaPYdHlJRtCQfDIVZtfw/ufM8+rVj649RIHzcm/vGwQRXFt6OPqIFWsm2XEMrNIEtWR64sY1LEKD2vAOA==",
      "dev": true
    },
    "deferred-leveldown": {
      "version": "4.0.2",
      "resolved": "https://registry.npmjs.org/deferred-leveldown/-/deferred-leveldown-4.0.2.tgz",
      "integrity": "sha512-5fMC8ek8alH16QiV0lTCis610D1Zt1+LA4MS4d63JgS32lrCjTFDUFz2ao09/j2I4Bqb5jL4FZYwu7Jz0XO1ww==",
      "dev": true,
      "requires": {
        "abstract-leveldown": "~5.0.0",
        "inherits": "^2.0.3"
      }
    },
    "define-properties": {
      "version": "1.1.3",
      "resolved": "https://registry.npmjs.org/define-properties/-/define-properties-1.1.3.tgz",
      "integrity": "sha512-3MqfYKj2lLzdMSf8ZIZE/V+Zuy+BgD6f164e8K2w7dgnpKArBDerGYpM46IYYcjnkdPNMjPk9A6VFB8+3SKlXQ==",
      "dev": true,
      "requires": {
        "object-keys": "^1.0.12"
      }
    },
    "defined": {
      "version": "1.0.0",
      "resolved": "https://registry.npmjs.org/defined/-/defined-1.0.0.tgz",
      "integrity": "sha1-yY2bzvdWdBiOEQlpFRGZ45sfppM=",
      "dev": true
    },
    "delegates": {
      "version": "1.0.0",
      "resolved": "https://registry.npmjs.org/delegates/-/delegates-1.0.0.tgz",
      "integrity": "sha1-hMbhWbgZBP3KWaDvRM2HDTElD5o=",
      "dev": true
    },
    "detect-libc": {
      "version": "1.0.3",
      "resolved": "https://registry.npmjs.org/detect-libc/-/detect-libc-1.0.3.tgz",
      "integrity": "sha1-+hN8S9aY7fVc1c0CrFWfkaTEups=",
      "dev": true
    },
    "encoding-down": {
      "version": "5.0.4",
      "resolved": "https://registry.npmjs.org/encoding-down/-/encoding-down-5.0.4.tgz",
      "integrity": "sha512-8CIZLDcSKxgzT+zX8ZVfgNbu8Md2wq/iqa1Y7zyVR18QBEAc0Nmzuvj/N5ykSKpfGzjM8qxbaFntLPwnVoUhZw==",
      "dev": true,
      "requires": {
        "abstract-leveldown": "^5.0.0",
        "inherits": "^2.0.3",
        "level-codec": "^9.0.0",
        "level-errors": "^2.0.0",
        "xtend": "^4.0.1"
      },
      "dependencies": {
        "level-codec": {
          "version": "9.0.0",
          "resolved": "https://registry.npmjs.org/level-codec/-/level-codec-9.0.0.tgz",
          "integrity": "sha512-OIpVvjCcZNP5SdhcNupnsI1zo5Y9Vpm+k/F1gfG5kXrtctlrwanisakweJtE0uA0OpLukRfOQae+Fg0M5Debhg==",
          "dev": true
        }
      }
    },
    "end-of-stream": {
      "version": "1.4.1",
      "resolved": "https://registry.npmjs.org/end-of-stream/-/end-of-stream-1.4.1.tgz",
      "integrity": "sha512-1MkrZNvWTKCaigbn+W15elq2BB/L22nqrSY5DKlo3X6+vclJm8Bb5djXJBmEX6fS3+zCh/F4VBK5Z2KxJt4s2Q==",
      "dev": true,
      "requires": {
        "once": "^1.4.0"
      }
    },
    "errno": {
      "version": "0.1.7",
      "resolved": "https://registry.npmjs.org/errno/-/errno-0.1.7.tgz",
      "integrity": "sha512-MfrRBDWzIWifgq6tJj60gkAwtLNb6sQPlcFrSOflcP1aFmmruKQ2wRnze/8V6kgyz7H3FF8Npzv78mZ7XLLflg==",
      "dev": true,
      "requires": {
        "prr": "~1.0.1"
      }
    },
    "es-abstract": {
      "version": "1.13.0",
      "resolved": "https://registry.npmjs.org/es-abstract/-/es-abstract-1.13.0.tgz",
      "integrity": "sha512-vDZfg/ykNxQVwup/8E1BZhVzFfBxs9NqMzGcvIJrqg5k2/5Za2bWo40dK2J1pgLngZ7c+Shh8lwYtLGyrwPutg==",
      "dev": true,
      "requires": {
        "es-to-primitive": "^1.2.0",
        "function-bind": "^1.1.1",
        "has": "^1.0.3",
        "is-callable": "^1.1.4",
        "is-regex": "^1.0.4",
        "object-keys": "^1.0.12"
      }
    },
    "es-to-primitive": {
      "version": "1.2.0",
      "resolved": "https://registry.npmjs.org/es-to-primitive/-/es-to-primitive-1.2.0.tgz",
      "integrity": "sha512-qZryBOJjV//LaxLTV6UC//WewneB3LcXOL9NP++ozKVXsIIIpm/2c13UDiD9Jp2eThsecw9m3jPqDwTyobcdbg==",
      "dev": true,
      "requires": {
        "is-callable": "^1.1.4",
        "is-date-object": "^1.0.1",
        "is-symbol": "^1.0.2"
      }
    },
    "expand-template": {
      "version": "2.0.3",
      "resolved": "https://registry.npmjs.org/expand-template/-/expand-template-2.0.3.tgz",
      "integrity": "sha512-XYfuKMvj4O35f/pOXLObndIRvyQ+/+6AhODh+OKWj9S9498pHHn/IMszH+gt0fBCRWMNfk1ZSp5x3AifmnI2vg==",
      "dev": true
    },
    "explain-error": {
      "version": "1.0.4",
      "resolved": "https://registry.npmjs.org/explain-error/-/explain-error-1.0.4.tgz",
      "integrity": "sha1-p5PTrAytTGq1cemWj7urbLJTKSk="
    },
    "fast-future": {
      "version": "1.0.2",
      "resolved": "https://registry.npmjs.org/fast-future/-/fast-future-1.0.2.tgz",
      "integrity": "sha1-hDWpqqAteSSNF9cE52JZMB2ZKAo=",
      "dev": true
    },
    "flumecodec": {
      "version": "0.0.1",
      "resolved": "https://registry.npmjs.org/flumecodec/-/flumecodec-0.0.1.tgz",
      "integrity": "sha1-rgSacUOGu4PjQmV6gpJLcDZKkNY=",
      "dev": true,
      "requires": {
        "level-codec": "^6.2.0"
      }
    },
    "flumelog-level": {
      "version": "0.0.4",
      "resolved": "github:flumedb/flumelog-level#ef8071e91f9ad5492dd73db92b6121ce4701a052",
      "dev": true,
      "requires": {
        "append-batch": "0.0.2",
        "level": "^4.0.0",
        "level-peek": "^2.0.2",
        "mkdirp": "^0.5.1",
        "monotonic-timestamp": "0.0.9",
        "obv": "0.0.1",
        "pull-level": "^2.0.4",
        "pull-stream": "^3.6.9",
        "varstruct": "^5.2.1"
      }
    },
    "flumelog-memory": {
      "version": "0.1.3",
      "resolved": "https://registry.npmjs.org/flumelog-memory/-/flumelog-memory-0.1.3.tgz",
      "integrity": "sha1-Vw9ylErN01xzDiFraCw00a+JBlE=",
      "dev": true,
      "requires": {
        "append-batch": "0.0.1",
        "mkdirp": "^0.5.1",
        "obv": "0.0.0",
        "pull-cursor": "^2.1.3",
        "pull-file": "^1.0.0",
        "pull-split": "^0.2.0",
        "pull-stream": "^3.5.0"
      },
      "dependencies": {
        "append-batch": {
          "version": "0.0.1",
          "resolved": "https://registry.npmjs.org/append-batch/-/append-batch-0.0.1.tgz",
          "integrity": "sha1-kiSFjlVpl8zAfxHx7poShTKqDSU=",
          "dev": true
        },
        "obv": {
          "version": "0.0.0",
          "resolved": "https://registry.npmjs.org/obv/-/obv-0.0.0.tgz",
          "integrity": "sha1-7eq4Ro+R1BkzYu1/kdC5bdOaecE=",
          "dev": true
        }
      }
    },
    "flumelog-offset": {
      "version": "github:flumedb/flumelog-offset#ee23c06543b2840e2cf6f0e355897f4b9bde93b7",
      "from": "github:flumedb/flumelog-offset#add-methods",
      "dev": true,
      "requires": {
        "aligned-block-file": "^1.2.0",
        "append-batch": "0.0.2",
        "hashlru": "^2.3.0",
        "int53": "^1.0.0",
        "looper": "^4.0.0",
        "obv": "0.0.1",
        "pull-cursor": "^3.0.0",
        "pull-looper": "^1.0.0",
        "uint48be": "^2.0.1"
      },
      "dependencies": {
        "int53": {
          "version": "1.0.0",
          "resolved": "https://registry.npmjs.org/int53/-/int53-1.0.0.tgz",
          "integrity": "sha512-u8BMiMa05OPBgd32CKTead0CVTsFVgwFk23nNXo1teKPF6Sxcu0lXxEzP//zTcaKzXbGgPDXGmj/woyv+I4C5w==",
          "dev": true
        },
        "pull-cursor": {
          "version": "3.0.0",
          "resolved": "https://registry.npmjs.org/pull-cursor/-/pull-cursor-3.0.0.tgz",
          "integrity": "sha512-95lZVSF2eSEdOmUtlOBaD9p5YOvlYeCr5FBv2ySqcj/4rpaXI6d8OH+zPHHjKAf58R8QXJRZuyfHkcCX8TZbAg==",
          "dev": true,
          "requires": {
            "looper": "^4.0.0",
            "ltgt": "^2.2.0",
            "pull-stream": "^3.6.0"
          }
        }
      }
    },
    "flumeview-reduce": {
      "version": "1.3.15",
      "resolved": "https://registry.npmjs.org/flumeview-reduce/-/flumeview-reduce-1.3.15.tgz",
      "integrity": "sha512-zxDvjzRKA9uvit6Za7u2qTLyeziZIzeEPtJT9X7UcsOKxrjydkq6k6AlCq9hM7mZLS7msYqRyn4XfItC4cZtYQ==",
      "dev": true,
      "requires": {
        "async-single": "^1.0.5",
        "atomic-file": "^1.1.3",
        "deep-equal": "^1.0.1",
        "flumecodec": "0.0.0",
        "obv": "0.0.1",
        "pull-notify": "^0.1.1",
        "pull-stream": "^3.5.0"
      },
      "dependencies": {
        "flumecodec": {
          "version": "0.0.0",
          "resolved": "https://registry.npmjs.org/flumecodec/-/flumecodec-0.0.0.tgz",
          "integrity": "sha1-Ns4Gq+Lg4BxE3WnyoWUwWiMgZJs=",
          "dev": true,
          "requires": {
            "level-codec": "^6.2.0"
          }
        }
      }
    },
    "for-each": {
      "version": "0.3.3",
      "resolved": "https://registry.npmjs.org/for-each/-/for-each-0.3.3.tgz",
      "integrity": "sha512-jqYfLp7mo9vIyQf8ykW2v7A+2N4QjeCeI5+Dz9XraiO1ign81wjiH7Fb9vSOWvQfNtmSa4H2RoQTrrXivdUZmw==",
      "dev": true,
      "requires": {
        "is-callable": "^1.1.3"
      }
    },
    "fs-constants": {
      "version": "1.0.0",
      "resolved": "https://registry.npmjs.org/fs-constants/-/fs-constants-1.0.0.tgz",
      "integrity": "sha512-y6OAwoSIf7FyjMIv94u+b5rdheZEjzR63GTyZJm5qh4Bi+2YgwLCcI/fPFZkL5PSixOt6ZNKm+w+Hfp/Bciwow==",
      "dev": true
    },
    "fs.realpath": {
      "version": "1.0.0",
      "resolved": "https://registry.npmjs.org/fs.realpath/-/fs.realpath-1.0.0.tgz",
      "integrity": "sha1-FQStJSMVjKpA20onh8sBQRmU6k8=",
      "dev": true
    },
    "function-bind": {
      "version": "1.1.1",
      "resolved": "https://registry.npmjs.org/function-bind/-/function-bind-1.1.1.tgz",
      "integrity": "sha512-yIovAzMX49sF8Yl58fSCWJ5svSLuaibPxXQJFLmBObTuCr0Mf1KiPopGM9NiFjiYBCbfaa2Fh6breQ6ANVTI0A==",
      "dev": true
    },
    "gauge": {
      "version": "2.7.4",
      "resolved": "https://registry.npmjs.org/gauge/-/gauge-2.7.4.tgz",
      "integrity": "sha1-LANAXHU4w51+s3sxcCLjJfsBi/c=",
      "dev": true,
      "requires": {
        "aproba": "^1.0.3",
        "console-control-strings": "^1.0.0",
        "has-unicode": "^2.0.0",
        "object-assign": "^4.1.0",
        "signal-exit": "^3.0.0",
        "string-width": "^1.0.1",
        "strip-ansi": "^3.0.1",
        "wide-align": "^1.1.0"
      }
    },
    "github-from-package": {
      "version": "0.0.0",
      "resolved": "https://registry.npmjs.org/github-from-package/-/github-from-package-0.0.0.tgz",
      "integrity": "sha1-l/tdlr/eiXMxPyDoKI75oWf6ZM4=",
      "dev": true
    },
    "glob": {
      "version": "7.1.3",
      "resolved": "https://registry.npmjs.org/glob/-/glob-7.1.3.tgz",
      "integrity": "sha512-vcfuiIxogLV4DlGBHIUOwI0IbrJ8HWPc4MU7HzviGeNho/UJDfi6B5p3sHeWIQ0KGIU0Jpxi5ZHxemQfLkkAwQ==",
      "dev": true,
      "requires": {
        "fs.realpath": "^1.0.0",
        "inflight": "^1.0.4",
        "inherits": "2",
        "minimatch": "^3.0.4",
        "once": "^1.3.0",
        "path-is-absolute": "^1.0.0"
      }
    },
    "has": {
      "version": "1.0.3",
      "resolved": "https://registry.npmjs.org/has/-/has-1.0.3.tgz",
      "integrity": "sha512-f2dvO0VU6Oej7RkWJGrehjbzMAjFp5/VKPp5tTpWIV4JHHZK1/BxbFRtf/siA2SWTe09caDmVtYYzWEIbBS4zw==",
      "dev": true,
      "requires": {
        "function-bind": "^1.1.1"
      }
    },
    "has-symbols": {
      "version": "1.0.0",
      "resolved": "https://registry.npmjs.org/has-symbols/-/has-symbols-1.0.0.tgz",
      "integrity": "sha1-uhqPGvKg/DllD1yFA2dwQSIGO0Q=",
      "dev": true
    },
    "has-unicode": {
      "version": "2.0.1",
      "resolved": "https://registry.npmjs.org/has-unicode/-/has-unicode-2.0.1.tgz",
      "integrity": "sha1-4Ob+aijPUROIVeCG0Wkedx3iqLk=",
      "dev": true
    },
    "hashlru": {
      "version": "2.3.0",
      "resolved": "https://registry.npmjs.org/hashlru/-/hashlru-2.3.0.tgz",
      "integrity": "sha512-0cMsjjIC8I+D3M44pOQdsy0OHXGLVz6Z0beRuufhKa0KfaD2wGwAev6jILzXsd3/vpnNQJmWyZtIILqM1N+n5A==",
      "dev": true
    },
    "inflight": {
      "version": "1.0.6",
      "resolved": "https://registry.npmjs.org/inflight/-/inflight-1.0.6.tgz",
      "integrity": "sha1-Sb1jMdfQLQwJvJEKEHW6gWW1bfk=",
      "dev": true,
      "requires": {
        "once": "^1.3.0",
        "wrappy": "1"
      }
    },
    "inherits": {
      "version": "2.0.3",
      "resolved": "https://registry.npmjs.org/inherits/-/inherits-2.0.3.tgz",
      "integrity": "sha1-Yzwsg+PaQqUC9SRmAiSA9CCCYd4=",
      "dev": true
    },
    "ini": {
      "version": "1.3.5",
      "resolved": "https://registry.npmjs.org/ini/-/ini-1.3.5.tgz",
      "integrity": "sha512-RZY5huIKCMRWDUqZlEi72f/lmXKMvuszcMBduliQ3nnWbx9X/ZBQO7DijMEYS9EhHBb2qacRUMtC7svLwe0lcw==",
      "dev": true
    },
    "int53": {
      "version": "0.2.4",
      "resolved": "https://registry.npmjs.org/int53/-/int53-0.2.4.tgz",
      "integrity": "sha1-XtjXqtbFxlZ8rmmqf/xKEJ7oD4Y=",
      "dev": true
    },
    "is-callable": {
      "version": "1.1.4",
      "resolved": "https://registry.npmjs.org/is-callable/-/is-callable-1.1.4.tgz",
      "integrity": "sha512-r5p9sxJjYnArLjObpjA4xu5EKI3CuKHkJXMhT7kwbpUyIFD1n5PMAsoPvWnvtZiNz7LjkYDRZhd7FlI0eMijEA==",
      "dev": true
    },
    "is-date-object": {
      "version": "1.0.1",
      "resolved": "https://registry.npmjs.org/is-date-object/-/is-date-object-1.0.1.tgz",
      "integrity": "sha1-mqIOtq7rv/d/vTPnTKAbM1gdOhY=",
      "dev": true
    },
    "is-fullwidth-code-point": {
      "version": "1.0.0",
      "resolved": "https://registry.npmjs.org/is-fullwidth-code-point/-/is-fullwidth-code-point-1.0.0.tgz",
      "integrity": "sha1-754xOG8DGn8NZDr4L95QxFfvAMs=",
      "dev": true,
      "requires": {
        "number-is-nan": "^1.0.0"
      }
    },
    "is-regex": {
      "version": "1.0.4",
      "resolved": "https://registry.npmjs.org/is-regex/-/is-regex-1.0.4.tgz",
      "integrity": "sha1-VRdIm1RwkbCTDglWVM7SXul+lJE=",
      "dev": true,
      "requires": {
        "has": "^1.0.1"
      }
    },
    "is-symbol": {
      "version": "1.0.2",
      "resolved": "https://registry.npmjs.org/is-symbol/-/is-symbol-1.0.2.tgz",
      "integrity": "sha512-HS8bZ9ox60yCJLH9snBpIwv9pYUAkcuLhSA1oero1UB5y9aiQpRA8y2ex945AOtCZL1lJDeIk3G5LthswI46Lw==",
      "dev": true,
      "requires": {
        "has-symbols": "^1.0.0"
      }
    },
    "isarray": {
      "version": "1.0.0",
      "resolved": "https://registry.npmjs.org/isarray/-/isarray-1.0.0.tgz",
      "integrity": "sha1-u5NdSFgsuhaMBoNJV6VKPgcSTxE=",
      "dev": true
    },
    "level": {
      "version": "4.0.0",
      "resolved": "https://registry.npmjs.org/level/-/level-4.0.0.tgz",
      "integrity": "sha512-4epzCOlEcJ529NOdlAYiuiakS/kZTDdiKSBNJmE1B8bsmA+zEVwcpxyH86qJSQTpOu7SODrlaD9WgPRHLkGutA==",
      "dev": true,
      "requires": {
        "level-packager": "^3.0.0",
        "leveldown": "^4.0.0",
        "opencollective-postinstall": "^2.0.0"
      }
    },
    "level-codec": {
      "version": "6.2.0",
      "resolved": "https://registry.npmjs.org/level-codec/-/level-codec-6.2.0.tgz",
      "integrity": "sha1-pLUkS7akwvcj1oodZOmAxTYn2dQ=",
      "dev": true
    },
    "level-errors": {
      "version": "2.0.0",
      "resolved": "https://registry.npmjs.org/level-errors/-/level-errors-2.0.0.tgz",
      "integrity": "sha512-AmY4HCp9h3OiU19uG+3YWkdELgy05OTP/r23aNHaQKWv8DO787yZgsEuGVkoph40uwN+YdUKnANlrxSsoOaaxg==",
      "dev": true,
      "requires": {
        "errno": "~0.1.1"
      }
    },
    "level-iterator-stream": {
      "version": "3.0.1",
      "resolved": "https://registry.npmjs.org/level-iterator-stream/-/level-iterator-stream-3.0.1.tgz",
      "integrity": "sha512-nEIQvxEED9yRThxvOrq8Aqziy4EGzrxSZK+QzEFAVuJvQ8glfyZ96GB6BoI4sBbLfjMXm2w4vu3Tkcm9obcY0g==",
      "dev": true,
      "requires": {
        "inherits": "^2.0.1",
        "readable-stream": "^2.3.6",
        "xtend": "^4.0.0"
      }
    },
    "level-packager": {
      "version": "3.1.0",
      "resolved": "https://registry.npmjs.org/level-packager/-/level-packager-3.1.0.tgz",
      "integrity": "sha512-UxVEfK5WH0u0InR3WxTCSAroiorAGKzXWZT6i+nBjambmvINuXFUsFx2Ai3UIjUUtnyWhluv42jMlzUZCsAk9A==",
      "dev": true,
      "requires": {
        "encoding-down": "~5.0.0",
        "levelup": "^3.0.0"
      }
    },
    "level-peek": {
      "version": "2.0.2",
      "resolved": "https://registry.npmjs.org/level-peek/-/level-peek-2.0.2.tgz",
      "integrity": "sha1-1M3bffYg96R61d2F4PkhM0UjogY=",
      "dev": true,
      "requires": {
        "pull-level": "^2.0.3",
        "pull-stream": "^3.4.5"
      }
    },
    "level-post": {
      "version": "1.0.7",
      "resolved": "https://registry.npmjs.org/level-post/-/level-post-1.0.7.tgz",
      "integrity": "sha512-PWYqG4Q00asOrLhX7BejSajByB4EmG2GaKHfj3h5UmmZ2duciXLPGYWIjBzLECFWUGOZWlm5B20h/n3Gs3HKew==",
      "dev": true,
      "requires": {
        "ltgt": "^2.1.2"
      }
    },
    "leveldown": {
      "version": "4.0.2",
      "resolved": "https://registry.npmjs.org/leveldown/-/leveldown-4.0.2.tgz",
      "integrity": "sha512-SUgSRTWFh3eeiTdIt2a4Fi9TZO5oWzE9uC/Iw8+fVr1sk8x1S2l151UWwSmrMFZB3GxJhZIf4bQ0n+051Cctpw==",
      "dev": true,
      "requires": {
        "abstract-leveldown": "~5.0.0",
        "bindings": "~1.3.0",
        "fast-future": "~1.0.2",
        "nan": "~2.12.1",
        "prebuild-install": "~5.2.4"
      }
    },
    "levelup": {
      "version": "3.1.1",
      "resolved": "https://registry.npmjs.org/levelup/-/levelup-3.1.1.tgz",
      "integrity": "sha512-9N10xRkUU4dShSRRFTBdNaBxofz+PGaIZO962ckboJZiNmLuhVT6FZ6ZKAsICKfUBO76ySaYU6fJWX/jnj3Lcg==",
      "dev": true,
      "requires": {
        "deferred-leveldown": "~4.0.0",
        "level-errors": "~2.0.0",
        "level-iterator-stream": "~3.0.0",
        "xtend": "~4.0.0"
      }
    },
    "looper": {
      "version": "4.0.0",
      "resolved": "https://registry.npmjs.org/looper/-/looper-4.0.0.tgz",
      "integrity": "sha1-dwat7VmpntygbmtUu4bI7BnJUVU="
    },
    "ltgt": {
      "version": "2.2.1",
      "resolved": "https://registry.npmjs.org/ltgt/-/ltgt-2.2.1.tgz",
      "integrity": "sha1-81ypHEk/e3PaDgdJUwTxezH4fuU=",
      "dev": true
    },
    "mimic-response": {
      "version": "1.0.1",
      "resolved": "https://registry.npmjs.org/mimic-response/-/mimic-response-1.0.1.tgz",
      "integrity": "sha512-j5EctnkH7amfV/q5Hgmoal1g2QHFJRraOtmx0JpIqkxhBhI/lJSl1nMpQ45hVarwNETOoWEimndZ4QK0RHxuxQ==",
      "dev": true
    },
    "minimatch": {
      "version": "3.0.4",
      "resolved": "https://registry.npmjs.org/minimatch/-/minimatch-3.0.4.tgz",
      "integrity": "sha512-yJHVQEhyqPLUTgt9B83PXu6W3rx4MvvHvSUvToogpwoGDOUQ+yDrR0HRot+yOCdCO7u4hX3pWft6kWBBcqh0UA==",
      "dev": true,
      "requires": {
        "brace-expansion": "^1.1.7"
      }
    },
    "minimist": {
      "version": "1.2.0",
      "resolved": "https://registry.npmjs.org/minimist/-/minimist-1.2.0.tgz",
      "integrity": "sha1-o1AIsg9BOD7sH7kU9M1d95omQoQ=",
      "dev": true
    },
    "mkdirp": {
      "version": "0.5.1",
      "resolved": "https://registry.npmjs.org/mkdirp/-/mkdirp-0.5.1.tgz",
      "integrity": "sha1-MAV0OOrGz3+MR2fzhkjWaX11yQM=",
      "dev": true,
      "requires": {
        "minimist": "0.0.8"
      },
      "dependencies": {
        "minimist": {
          "version": "0.0.8",
          "resolved": "https://registry.npmjs.org/minimist/-/minimist-0.0.8.tgz",
          "integrity": "sha1-hX/Kv8M5fSYluCKCYuhqp6ARsF0=",
          "dev": true
        }
      }
    },
    "monotonic-timestamp": {
      "version": "0.0.9",
      "resolved": "https://registry.npmjs.org/monotonic-timestamp/-/monotonic-timestamp-0.0.9.tgz",
      "integrity": "sha1-W6Wtx6rIXh1853voRxYe0kazlgM=",
      "dev": true
    },
    "nan": {
      "version": "2.12.1",
      "resolved": "https://registry.npmjs.org/nan/-/nan-2.12.1.tgz",
      "integrity": "sha512-JY7V6lRkStKcKTvHO5NVSQRv+RV+FIL5pvDoLiAtSL9pKlC5x9PKQcZDsq7m4FO4d57mkhC6Z+QhAh3Jdk5JFw==",
      "dev": true
    },
    "napi-build-utils": {
      "version": "1.0.1",
      "resolved": "https://registry.npmjs.org/napi-build-utils/-/napi-build-utils-1.0.1.tgz",
      "integrity": "sha512-boQj1WFgQH3v4clhu3mTNfP+vOBxorDlE8EKiMjUlLG3C4qAESnn9AxIOkFgTR2c9LtzNjPrjS60cT27ZKBhaA==",
      "dev": true
    },
    "node-abi": {
      "version": "2.7.1",
      "resolved": "https://registry.npmjs.org/node-abi/-/node-abi-2.7.1.tgz",
      "integrity": "sha512-OV8Bq1OrPh6z+Y4dqwo05HqrRL9YNF7QVMRfq1/pguwKLG+q9UB/Lk0x5qXjO23JjJg+/jqCHSTaG1P3tfKfuw==",
      "dev": true,
      "requires": {
        "semver": "^5.4.1"
      }
    },
    "noop-logger": {
      "version": "0.1.1",
      "resolved": "https://registry.npmjs.org/noop-logger/-/noop-logger-0.1.1.tgz",
      "integrity": "sha1-lKKxYzxPExdVMAfYlm/Q6EG2pMI=",
      "dev": true
    },
    "npmlog": {
      "version": "4.1.2",
      "resolved": "https://registry.npmjs.org/npmlog/-/npmlog-4.1.2.tgz",
      "integrity": "sha512-2uUqazuKlTaSI/dC8AzicUck7+IrEaOnN/e0jd3Xtt1KcGpwx30v50mL7oPyr/h9bL3E4aZccVwpwP+5W9Vjkg==",
      "dev": true,
      "requires": {
        "are-we-there-yet": "~1.1.2",
        "console-control-strings": "~1.1.0",
        "gauge": "~2.7.3",
        "set-blocking": "~2.0.0"
      }
    },
    "number-is-nan": {
      "version": "1.0.1",
      "resolved": "https://registry.npmjs.org/number-is-nan/-/number-is-nan-1.0.1.tgz",
      "integrity": "sha1-CXtgK1NCKlIsGvuHkDGDNpQaAR0=",
      "dev": true
    },
    "object-assign": {
      "version": "4.1.1",
      "resolved": "https://registry.npmjs.org/object-assign/-/object-assign-4.1.1.tgz",
      "integrity": "sha1-IQmtx5ZYh8/AXLvUQsrIv7s2CGM=",
      "dev": true
    },
    "object-inspect": {
      "version": "1.6.0",
      "resolved": "https://registry.npmjs.org/object-inspect/-/object-inspect-1.6.0.tgz",
      "integrity": "sha512-GJzfBZ6DgDAmnuaM3104jR4s1Myxr3Y3zfIyN4z3UdqN69oSRacNK8UhnobDdC+7J2AHCjGwxQubNJfE70SXXQ==",
      "dev": true
    },
    "object-keys": {
      "version": "1.1.0",
      "resolved": "https://registry.npmjs.org/object-keys/-/object-keys-1.1.0.tgz",
      "integrity": "sha512-6OO5X1+2tYkNyNEx6TsCxEqFfRWaqx6EtMiSbGrw8Ob8v9Ne+Hl8rBAgLBZn5wjEz3s/s6U1WXFUFOcxxAwUpg==",
      "dev": true
    },
    "obv": {
      "version": "0.0.1",
      "resolved": "https://registry.npmjs.org/obv/-/obv-0.0.1.tgz",
      "integrity": "sha1-yyNhBjQVNvDaxIFeBnCCIcrX+14="
    },
    "once": {
      "version": "1.4.0",
      "resolved": "https://registry.npmjs.org/once/-/once-1.4.0.tgz",
      "integrity": "sha1-WDsap3WWHUsROsF9nFC6753Xa9E=",
      "dev": true,
      "requires": {
        "wrappy": "1"
      }
    },
    "opencollective-postinstall": {
      "version": "2.0.2",
      "resolved": "https://registry.npmjs.org/opencollective-postinstall/-/opencollective-postinstall-2.0.2.tgz",
      "integrity": "sha512-pVOEP16TrAO2/fjej1IdOyupJY8KDUM1CvsaScRbw6oddvpQoOfGk4ywha0HKKVAD6RkW4x6Q+tNBwhf3Bgpuw==",
      "dev": true
    },
    "os-homedir": {
      "version": "1.0.2",
      "resolved": "https://registry.npmjs.org/os-homedir/-/os-homedir-1.0.2.tgz",
      "integrity": "sha1-/7xJiDNuDoM94MFox+8VISGqf7M=",
      "dev": true
    },
    "path-is-absolute": {
      "version": "1.0.1",
      "resolved": "https://registry.npmjs.org/path-is-absolute/-/path-is-absolute-1.0.1.tgz",
      "integrity": "sha1-F0uSaHNVNP+8es5r9TpanhtcX18=",
      "dev": true
    },
    "path-parse": {
      "version": "1.0.6",
      "resolved": "https://registry.npmjs.org/path-parse/-/path-parse-1.0.6.tgz",
      "integrity": "sha512-GSmOT2EbHrINBf9SR7CDELwlJ8AENk3Qn7OikK4nFYAu3Ote2+JYNVvkpAEQm3/TLNEJFD/xZJjzyxg3KBWOzw==",
      "dev": true
    },
    "prebuild-install": {
      "version": "5.2.5",
      "resolved": "https://registry.npmjs.org/prebuild-install/-/prebuild-install-5.2.5.tgz",
      "integrity": "sha512-6uZgMVg7yDfqlP5CPurVhtq3hUKBFNufiar4J5hZrlHTo59DDBEtyxw01xCdFss9j0Zb9+qzFVf/s4niayba3w==",
      "dev": true,
      "requires": {
        "detect-libc": "^1.0.3",
        "expand-template": "^2.0.3",
        "github-from-package": "0.0.0",
        "minimist": "^1.2.0",
        "mkdirp": "^0.5.1",
        "napi-build-utils": "^1.0.1",
        "node-abi": "^2.7.0",
        "noop-logger": "^0.1.1",
        "npmlog": "^4.0.1",
        "os-homedir": "^1.0.1",
        "pump": "^2.0.1",
        "rc": "^1.2.7",
        "simple-get": "^2.7.0",
        "tar-fs": "^1.13.0",
        "tunnel-agent": "^0.6.0",
        "which-pm-runs": "^1.0.0"
      }
    },
    "process-nextick-args": {
      "version": "2.0.0",
      "resolved": "https://registry.npmjs.org/process-nextick-args/-/process-nextick-args-2.0.0.tgz",
      "integrity": "sha512-MtEC1TqN0EU5nephaJ4rAtThHtC86dNN9qCuEhtshvpVBkAW5ZO7BASN9REnF9eoXGcRub+pFuKEpOHE+HbEMw==",
      "dev": true
    },
    "prr": {
      "version": "1.0.1",
      "resolved": "https://registry.npmjs.org/prr/-/prr-1.0.1.tgz",
      "integrity": "sha1-0/wRS6BplaRexok/SEzrHXj19HY=",
      "dev": true
    },
    "pull-cat": {
      "version": "1.1.11",
      "resolved": "https://registry.npmjs.org/pull-cat/-/pull-cat-1.1.11.tgz",
      "integrity": "sha1-tkLdElXaN2pwa220+pYvX9t0wxs=",
      "dev": true
    },
    "pull-cont": {
      "version": "0.1.1",
      "resolved": "https://registry.npmjs.org/pull-cont/-/pull-cont-0.1.1.tgz",
      "integrity": "sha1-3x1YDicXV7qay666IN4kIdZg1hg="
    },
    "pull-cursor": {
      "version": "2.1.3",
      "resolved": "https://registry.npmjs.org/pull-cursor/-/pull-cursor-2.1.3.tgz",
      "integrity": "sha1-Ah6X19I9eK9mrda4wcF/1v2xK2w=",
      "dev": true,
      "requires": {
        "looper": "^4.0.0",
        "ltgt": "^2.2.0",
        "pull-stream": "^3.6.0"
      }
    },
    "pull-file": {
      "version": "1.1.0",
      "resolved": "https://registry.npmjs.org/pull-file/-/pull-file-1.1.0.tgz",
      "integrity": "sha1-HdmHYF1jV6DSPB5Lgm95FaIVEpw=",
      "dev": true,
      "requires": {
        "pull-utf8-decoder": "^1.0.2"
      }
    },
    "pull-level": {
      "version": "2.0.4",
      "resolved": "https://registry.npmjs.org/pull-level/-/pull-level-2.0.4.tgz",
      "integrity": "sha512-fW6pljDeUThpq5KXwKbRG3X7Ogk3vc75d5OQU/TvXXui65ykm+Bn+fiktg+MOx2jJ85cd+sheufPL+rw9QSVZg==",
      "dev": true,
      "requires": {
        "level-post": "^1.0.7",
        "pull-cat": "^1.1.9",
        "pull-live": "^1.0.1",
        "pull-pushable": "^2.0.0",
        "pull-stream": "^3.4.0",
        "pull-window": "^2.1.4",
        "stream-to-pull-stream": "^1.7.1"
      }
    },
    "pull-live": {
      "version": "1.0.1",
      "resolved": "https://registry.npmjs.org/pull-live/-/pull-live-1.0.1.tgz",
      "integrity": "sha1-pOzuAeMwFV6RJLu89HYfIbOPUfU=",
      "dev": true,
      "requires": {
        "pull-cat": "^1.1.9",
        "pull-stream": "^3.4.0"
      }
    },
    "pull-looper": {
      "version": "1.0.0",
      "resolved": "https://registry.npmjs.org/pull-looper/-/pull-looper-1.0.0.tgz",
      "integrity": "sha512-djlD60A6NGe5goLdP5pgbqzMEiWmk1bInuAzBp0QOH4vDrVwh05YDz6UP8+pOXveKEk8wHVP+rB2jBrK31QMPA==",
      "requires": {
        "looper": "^4.0.0"
      }
    },
    "pull-notify": {
      "version": "0.1.1",
      "resolved": "https://registry.npmjs.org/pull-notify/-/pull-notify-0.1.1.tgz",
      "integrity": "sha1-b4b/ldJwuJw+vyVbYDG3Ay3JnMo=",
      "dev": true,
      "requires": {
        "pull-pushable": "^2.0.0"
      }
    },
    "pull-pushable": {
      "version": "2.2.0",
      "resolved": "https://registry.npmjs.org/pull-pushable/-/pull-pushable-2.2.0.tgz",
      "integrity": "sha1-Xy867UethpGfAbEqLpnW8b13ZYE=",
      "dev": true
    },
    "pull-split": {
      "version": "0.2.0",
      "resolved": "https://registry.npmjs.org/pull-split/-/pull-split-0.2.0.tgz",
      "integrity": "sha1-mW0ohTEFIgmoMTiK0NKB3zyCN5Y=",
      "dev": true,
      "requires": {
        "pull-through": "~1.0.6"
      }
    },
    "pull-stream": {
      "version": "3.6.9",
      "resolved": "https://registry.npmjs.org/pull-stream/-/pull-stream-3.6.9.tgz",
      "integrity": "sha512-hJn4POeBrkttshdNl0AoSCVjMVSuBwuHocMerUdoZ2+oIUzrWHFTwJMlbHND7OiKLVgvz6TFj8ZUVywUMXccbw=="
    },
    "pull-through": {
      "version": "1.0.18",
      "resolved": "https://registry.npmjs.org/pull-through/-/pull-through-1.0.18.tgz",
      "integrity": "sha1-jdYjFCY+Wc9Qlur7sSeitu8xBzU=",
      "dev": true,
      "requires": {
        "looper": "~3.0.0"
      },
      "dependencies": {
        "looper": {
          "version": "3.0.0",
          "resolved": "https://registry.npmjs.org/looper/-/looper-3.0.0.tgz",
          "integrity": "sha1-LvpUw7HLq6m5Su4uWRSwvlf7t0k=",
          "dev": true
        }
      }
    },
    "pull-utf8-decoder": {
      "version": "1.0.2",
      "resolved": "https://registry.npmjs.org/pull-utf8-decoder/-/pull-utf8-decoder-1.0.2.tgz",
      "integrity": "sha1-p6+iOE0eZBWl1gIFQSbMjeO8vOc=",
      "dev": true
    },
    "pull-window": {
      "version": "2.1.4",
      "resolved": "https://registry.npmjs.org/pull-window/-/pull-window-2.1.4.tgz",
      "integrity": "sha1-/DuG/uvRkgx64pdpHiP3BfiFUvA=",
      "dev": true,
      "requires": {
        "looper": "^2.0.0"
      },
      "dependencies": {
        "looper": {
          "version": "2.0.0",
          "resolved": "https://registry.npmjs.org/looper/-/looper-2.0.0.tgz",
          "integrity": "sha1-Zs0Md0rz1P7axTeU90LbVtqPCew=",
          "dev": true
        }
      }
    },
    "pump": {
      "version": "2.0.1",
      "resolved": "https://registry.npmjs.org/pump/-/pump-2.0.1.tgz",
      "integrity": "sha512-ruPMNRkN3MHP1cWJc9OWr+T/xDP0jhXYCLfJcBuX54hhfIBnaQmAUMfDcG4DM5UMWByBbJY69QSphm3jtDKIkA==",
      "dev": true,
      "requires": {
        "end-of-stream": "^1.1.0",
        "once": "^1.3.1"
      }
    },
    "rc": {
      "version": "1.2.8",
      "resolved": "https://registry.npmjs.org/rc/-/rc-1.2.8.tgz",
      "integrity": "sha512-y3bGgqKj3QBdxLbLkomlohkvsA8gdAiUQlSBJnBhfn+BPxg4bc62d8TcBW15wavDfgexCgccckhcZvywyQYPOw==",
      "dev": true,
      "requires": {
        "deep-extend": "^0.6.0",
        "ini": "~1.3.0",
        "minimist": "^1.2.0",
        "strip-json-comments": "~2.0.1"
      }
    },
    "readable-stream": {
      "version": "2.3.6",
      "resolved": "https://registry.npmjs.org/readable-stream/-/readable-stream-2.3.6.tgz",
      "integrity": "sha512-tQtKA9WIAhBF3+VLAseyMqZeBjW0AHJoxOtYqSUZNJxauErmLbVm2FW1y+J/YA9dUrAC39ITejlZWhVIwawkKw==",
      "dev": true,
      "requires": {
        "core-util-is": "~1.0.0",
        "inherits": "~2.0.3",
        "isarray": "~1.0.0",
        "process-nextick-args": "~2.0.0",
        "safe-buffer": "~5.1.1",
        "string_decoder": "~1.1.1",
        "util-deprecate": "~1.0.1"
      }
    },
    "resolve": {
      "version": "1.10.0",
      "resolved": "https://registry.npmjs.org/resolve/-/resolve-1.10.0.tgz",
      "integrity": "sha512-3sUr9aq5OfSg2S9pNtPA9hL1FVEAjvfOC4leW0SNf/mpnaakz2a9femSd6LqAww2RaFctwyf1lCqnTHuF1rxDg==",
      "dev": true,
      "requires": {
        "path-parse": "^1.0.6"
      }
    },
    "resumer": {
      "version": "0.0.0",
      "resolved": "https://registry.npmjs.org/resumer/-/resumer-0.0.0.tgz",
      "integrity": "sha1-8ej0YeQGS6Oegq883CqMiT0HZ1k=",
      "dev": true,
      "requires": {
        "through": "~2.3.4"
      }
    },
    "safe-buffer": {
      "version": "5.1.2",
      "resolved": "https://registry.npmjs.org/safe-buffer/-/safe-buffer-5.1.2.tgz",
      "integrity": "sha512-Gd2UZBJDkXlY7GbJxfsE8/nvKkUEU1G38c1siN6QP6a9PT9MmHB8GnpscSmMJSoF8LOIrt8ud/wPtojys4G6+g==",
      "dev": true
    },
    "semver": {
      "version": "5.6.0",
      "resolved": "https://registry.npmjs.org/semver/-/semver-5.6.0.tgz",
      "integrity": "sha512-RS9R6R35NYgQn++fkDWaOmqGoj4Ek9gGs+DPxNUZKuwE183xjJroKvyo1IzVFeXvUrvmALy6FWD5xrdJT25gMg==",
      "dev": true
    },
    "set-blocking": {
      "version": "2.0.0",
      "resolved": "https://registry.npmjs.org/set-blocking/-/set-blocking-2.0.0.tgz",
      "integrity": "sha1-BF+XgtARrppoA93TgrJDkrPYkPc=",
      "dev": true
    },
    "signal-exit": {
      "version": "3.0.2",
      "resolved": "https://registry.npmjs.org/signal-exit/-/signal-exit-3.0.2.tgz",
      "integrity": "sha1-tf3AjxKH6hF4Yo5BXiUTK3NkbG0=",
      "dev": true
    },
    "simple-concat": {
      "version": "1.0.0",
      "resolved": "https://registry.npmjs.org/simple-concat/-/simple-concat-1.0.0.tgz",
      "integrity": "sha1-c0TLuLbib7J9ZrL8hvn21Zl1IcY=",
      "dev": true
    },
    "simple-get": {
      "version": "2.8.1",
      "resolved": "https://registry.npmjs.org/simple-get/-/simple-get-2.8.1.tgz",
      "integrity": "sha512-lSSHRSw3mQNUGPAYRqo7xy9dhKmxFXIjLjp4KHpf99GEH2VH7C3AM+Qfx6du6jhfUi6Vm7XnbEVEf7Wb6N8jRw==",
      "dev": true,
      "requires": {
        "decompress-response": "^3.3.0",
        "once": "^1.3.1",
        "simple-concat": "^1.0.0"
      }
    },
    "statistics": {
      "version": "3.3.0",
      "resolved": "https://registry.npmjs.org/statistics/-/statistics-3.3.0.tgz",
      "integrity": "sha1-7HtHUP8DqySmTdmzV6eDFr6teKo=",
      "dev": true
    },
    "stream-to-pull-stream": {
      "version": "1.7.2",
      "resolved": "https://registry.npmjs.org/stream-to-pull-stream/-/stream-to-pull-stream-1.7.2.tgz",
      "integrity": "sha1-dXYJrhzr0zx0MtSvvjH/eGULnd4=",
      "dev": true,
      "requires": {
        "looper": "^3.0.0",
        "pull-stream": "^3.2.3"
      },
      "dependencies": {
        "looper": {
          "version": "3.0.0",
          "resolved": "https://registry.npmjs.org/looper/-/looper-3.0.0.tgz",
          "integrity": "sha1-LvpUw7HLq6m5Su4uWRSwvlf7t0k=",
          "dev": true
        }
      }
    },
    "string-width": {
      "version": "1.0.2",
      "resolved": "https://registry.npmjs.org/string-width/-/string-width-1.0.2.tgz",
      "integrity": "sha1-EYvfW4zcUaKn5w0hHgfisLmxB9M=",
      "dev": true,
      "requires": {
        "code-point-at": "^1.0.0",
        "is-fullwidth-code-point": "^1.0.0",
        "strip-ansi": "^3.0.0"
      }
    },
    "string.prototype.trim": {
      "version": "1.1.2",
      "resolved": "https://registry.npmjs.org/string.prototype.trim/-/string.prototype.trim-1.1.2.tgz",
      "integrity": "sha1-0E3iyJ4Tf019IG8Ia17S+ua+jOo=",
      "dev": true,
      "requires": {
        "define-properties": "^1.1.2",
        "es-abstract": "^1.5.0",
        "function-bind": "^1.0.2"
      }
    },
    "string_decoder": {
      "version": "1.1.1",
      "resolved": "https://registry.npmjs.org/string_decoder/-/string_decoder-1.1.1.tgz",
      "integrity": "sha512-n/ShnvDi6FHbbVfviro+WojiFzv+s8MPMHBczVePfUpDJLwoLT0ht1l4YwBCbi8pJAveEEdnkHyPyTP/mzRfwg==",
      "dev": true,
      "requires": {
        "safe-buffer": "~5.1.0"
      }
    },
    "strip-ansi": {
      "version": "3.0.1",
      "resolved": "https://registry.npmjs.org/strip-ansi/-/strip-ansi-3.0.1.tgz",
      "integrity": "sha1-ajhfuIU9lS1f8F0Oiq+UJ43GPc8=",
      "dev": true,
      "requires": {
        "ansi-regex": "^2.0.0"
      }
    },
    "strip-json-comments": {
      "version": "2.0.1",
      "resolved": "https://registry.npmjs.org/strip-json-comments/-/strip-json-comments-2.0.1.tgz",
      "integrity": "sha1-PFMZQukIwml8DsNEhYwobHygpgo=",
      "dev": true
    },
    "tape": {
      "version": "4.10.1",
      "resolved": "https://registry.npmjs.org/tape/-/tape-4.10.1.tgz",
      "integrity": "sha512-G0DywYV1jQeY3axeYnXUOt6ktnxS9OPJh97FGR3nrua8lhWi1zPflLxcAHavZ7Jf3qUfY7cxcVIVFa4mY2IY1w==",
      "dev": true,
      "requires": {
        "deep-equal": "~1.0.1",
        "defined": "~1.0.0",
        "for-each": "~0.3.3",
        "function-bind": "~1.1.1",
        "glob": "~7.1.3",
        "has": "~1.0.3",
        "inherits": "~2.0.3",
        "minimist": "~1.2.0",
        "object-inspect": "~1.6.0",
        "resolve": "~1.10.0",
        "resumer": "~0.0.0",
        "string.prototype.trim": "~1.1.2",
        "through": "~2.3.8"
      }
    },
    "tar-fs": {
      "version": "1.16.3",
      "resolved": "https://registry.npmjs.org/tar-fs/-/tar-fs-1.16.3.tgz",
      "integrity": "sha512-NvCeXpYx7OsmOh8zIOP/ebG55zZmxLE0etfWRbWok+q2Qo8x/vOR/IJT1taADXPe+jsiu9axDb3X4B+iIgNlKw==",
      "dev": true,
      "requires": {
        "chownr": "^1.0.1",
        "mkdirp": "^0.5.1",
        "pump": "^1.0.0",
        "tar-stream": "^1.1.2"
      },
      "dependencies": {
        "pump": {
          "version": "1.0.3",
          "resolved": "https://registry.npmjs.org/pump/-/pump-1.0.3.tgz",
          "integrity": "sha512-8k0JupWme55+9tCVE+FS5ULT3K6AbgqrGa58lTT49RpyfwwcGedHqaC5LlQNdEAumn/wFsu6aPwkuPMioy8kqw==",
          "dev": true,
          "requires": {
            "end-of-stream": "^1.1.0",
            "once": "^1.3.1"
          }
        }
      }
    },
    "tar-stream": {
      "version": "1.6.2",
      "resolved": "https://registry.npmjs.org/tar-stream/-/tar-stream-1.6.2.tgz",
      "integrity": "sha512-rzS0heiNf8Xn7/mpdSVVSMAWAoy9bfb1WOTYC78Z0UQKeKa/CWS8FOq0lKGNa8DWKAn9gxjCvMLYc5PGXYlK2A==",
      "dev": true,
      "requires": {
        "bl": "^1.0.0",
        "buffer-alloc": "^1.2.0",
        "end-of-stream": "^1.0.0",
        "fs-constants": "^1.0.0",
        "readable-stream": "^2.3.0",
        "to-buffer": "^1.1.1",
        "xtend": "^4.0.0"
      }
    },
    "through": {
      "version": "2.3.8",
      "resolved": "https://registry.npmjs.org/through/-/through-2.3.8.tgz",
      "integrity": "sha1-DdTJ/6q8NXlgsbckEV1+Doai4fU=",
      "dev": true
    },
    "to-buffer": {
      "version": "1.1.1",
      "resolved": "https://registry.npmjs.org/to-buffer/-/to-buffer-1.1.1.tgz",
      "integrity": "sha512-lx9B5iv7msuFYE3dytT+KE5tap+rNYw+K4jVkb9R/asAb+pbBSM17jtunHplhBe6RRJdZx3Pn2Jph24O32mOVg==",
      "dev": true
    },
    "tunnel-agent": {
      "version": "0.6.0",
      "resolved": "https://registry.npmjs.org/tunnel-agent/-/tunnel-agent-0.6.0.tgz",
      "integrity": "sha1-J6XeoGs2sEoKmWZ3SykIaPD8QP0=",
      "dev": true,
      "requires": {
        "safe-buffer": "^5.0.1"
      }
    },
    "uint48be": {
      "version": "2.0.1",
      "resolved": "https://registry.npmjs.org/uint48be/-/uint48be-2.0.1.tgz",
      "integrity": "sha512-LQvWofTo3RCz+XaQR3VNch+dDFwpIvWr/98imhQne++vFhpQP16YAC/a8w9N00Heqqra00ACjHT18cgvn5H+bg==",
      "dev": true
    },
    "util-deprecate": {
      "version": "1.0.2",
      "resolved": "https://registry.npmjs.org/util-deprecate/-/util-deprecate-1.0.2.tgz",
      "integrity": "sha1-RQ1Nyfpw3nMnYvvS1KKJgUGaDM8=",
      "dev": true
    },
    "varstruct": {
      "version": "5.3.0",
      "resolved": "https://registry.npmjs.org/varstruct/-/varstruct-5.3.0.tgz",
      "integrity": "sha1-1RtT4gMW0K/dtUz3yt6JTmKPHLU=",
      "dev": true,
      "requires": {
        "int53": "^0.2.4"
      }
    },
    "which-pm-runs": {
      "version": "1.0.0",
      "resolved": "https://registry.npmjs.org/which-pm-runs/-/which-pm-runs-1.0.0.tgz",
      "integrity": "sha1-Zws6+8VS4LVd9rd4DKdGFfI60cs=",
      "dev": true
    },
    "wide-align": {
      "version": "1.1.3",
      "resolved": "https://registry.npmjs.org/wide-align/-/wide-align-1.1.3.tgz",
      "integrity": "sha512-QGkOQc8XL6Bt5PwnsExKBPuMKBxnGxWWW3fU55Xt4feHozMUhdUMaBCk290qpm/wG5u/RSKzwdAC4i51YigihA==",
      "dev": true,
      "requires": {
        "string-width": "^1.0.2 || 2"
      }
    },
    "wrappy": {
      "version": "1.0.2",
      "resolved": "https://registry.npmjs.org/wrappy/-/wrappy-1.0.2.tgz",
      "integrity": "sha1-tSQ9jz7BqjXxNkYFvA0QNuMKtp8=",
      "dev": true
    },
    "xtend": {
      "version": "4.0.1",
      "resolved": "https://registry.npmjs.org/xtend/-/xtend-4.0.1.tgz",
      "integrity": "sha1-pcbVMr5lbiPbgg77lDofBJmNY68=",
      "dev": true
    }
  }
}
